// !$*UTF8*$!
{
	archiveVersion = 1;
	classes = {
	};
	objectVersion = 77;
	objects = {

/* Begin PBXBuildFile section */
		021B01F82E44D6FD003AD0C1 /* FirebaseMessaging in Frameworks */ = {isa = PBXBuildFile; productRef = 021B01F72E44D6FD003AD0C1 /* FirebaseMessaging */; };
		0220801D2E94DD83007F948F /* KakaoSDK in Frameworks */ = {isa = PBXBuildFile; productRef = 0220801C2E94DD83007F948F /* KakaoSDK */; };
		0220801F2E94DD83007F948F /* KakaoSDKCommon in Frameworks */ = {isa = PBXBuildFile; productRef = 0220801E2E94DD83007F948F /* KakaoSDKCommon */; };
		023E73892E39066D00E63B83 /* FirebaseAnalytics in Frameworks */ = {isa = PBXBuildFile; productRef = 023E73882E39066D00E63B83 /* FirebaseAnalytics */; };
		023E73922E39076700E63B83 /* FirebaseRemoteConfig in Frameworks */ = {isa = PBXBuildFile; productRef = 023E73912E39076700E63B83 /* FirebaseRemoteConfig */; };
		0263F6D12E221A3C004837BB /* ComposableArchitecture in Frameworks */ = {isa = PBXBuildFile; productRef = 0263F6D02E221A3C004837BB /* ComposableArchitecture */; };
		02D608A72E4A44A800D39CD4 /* FirebaseAI in Frameworks */ = {isa = PBXBuildFile; productRef = 02D608A62E4A44A800D39CD4 /* FirebaseAI */; };
		02D608A92E4A44A800D39CD4 /* FirebaseAnalyticsCore in Frameworks */ = {isa = PBXBuildFile; productRef = 02D608A82E4A44A800D39CD4 /* FirebaseAnalyticsCore */; };
		02D608AB2E4A44A800D39CD4 /* FirebaseAnalyticsIdentitySupport in Frameworks */ = {isa = PBXBuildFile; productRef = 02D608AA2E4A44A800D39CD4 /* FirebaseAnalyticsIdentitySupport */; };
		02D608AD2E4A44A800D39CD4 /* FirebaseAppCheck in Frameworks */ = {isa = PBXBuildFile; productRef = 02D608AC2E4A44A800D39CD4 /* FirebaseAppCheck */; };
		AFD2BCAB2E233EF600E8319C /* CombineMoya in Frameworks */ = {isa = PBXBuildFile; productRef = AFD2BCAA2E233EF600E8319C /* CombineMoya */; };
		AFD2BCAD2E233EF600E8319C /* Moya in Frameworks */ = {isa = PBXBuildFile; productRef = AFD2BCAC2E233EF600E8319C /* Moya */; };
/* End PBXBuildFile section */

/* Begin PBXFileReference section */
		AFA1FD4B2E2213C70064A381 /* NewsLetter.app */ = {isa = PBXFileReference; explicitFileType = wrapper.application; includeInIndex = 0; path = NewsLetter.app; sourceTree = BUILT_PRODUCTS_DIR; };
/* End PBXFileReference section */

/* Begin PBXFileSystemSynchronizedBuildFileExceptionSet section */
		02E9A44A2E2A9528004939BC /* Exceptions for "NewsLetter" folder in "NewsLetter" target */ = {
			isa = PBXFileSystemSynchronizedBuildFileExceptionSet;
			membershipExceptions = (
				Resource/Info.plist,
			);
			target = AFA1FD4A2E2213C70064A381 /* NewsLetter */;
		};
/* End PBXFileSystemSynchronizedBuildFileExceptionSet section */

/* Begin PBXFileSystemSynchronizedRootGroup section */
		AFA1FD4D2E2213C70064A381 /* NewsLetter */ = {
			isa = PBXFileSystemSynchronizedRootGroup;
			exceptions = (
				02E9A44A2E2A9528004939BC /* Exceptions for "NewsLetter" folder in "NewsLetter" target */,
			);
			path = NewsLetter;
			sourceTree = "<group>";
		};
/* End PBXFileSystemSynchronizedRootGroup section */

/* Begin PBXFrameworksBuildPhase section */
		AFA1FD482E2213C70064A381 /* Frameworks */ = {
			isa = PBXFrameworksBuildPhase;
			buildActionMask = 2147483647;
			files = (
				02D608A72E4A44A800D39CD4 /* FirebaseAI in Frameworks */,
				0220801D2E94DD83007F948F /* KakaoSDK in Frameworks */,
				021B01F82E44D6FD003AD0C1 /* FirebaseMessaging in Frameworks */,
				02D608AB2E4A44A800D39CD4 /* FirebaseAnalyticsIdentitySupport in Frameworks */,
				0220801F2E94DD83007F948F /* KakaoSDKCommon in Frameworks */,
				AFD2BCAB2E233EF600E8319C /* CombineMoya in Frameworks */,
				0263F6D12E221A3C004837BB /* ComposableArchitecture in Frameworks */,
				023E73892E39066D00E63B83 /* FirebaseAnalytics in Frameworks */,
				AFD2BCAD2E233EF600E8319C /* Moya in Frameworks */,
				023E73922E39076700E63B83 /* FirebaseRemoteConfig in Frameworks */,
				02D608AD2E4A44A800D39CD4 /* FirebaseAppCheck in Frameworks */,
				02D608A92E4A44A800D39CD4 /* FirebaseAnalyticsCore in Frameworks */,
			);
			runOnlyForDeploymentPostprocessing = 0;
		};
/* End PBXFrameworksBuildPhase section */

/* Begin PBXGroup section */
		023E73902E39076700E63B83 /* Frameworks */ = {
			isa = PBXGroup;
			children = (
			);
			name = Frameworks;
			sourceTree = "<group>";
		};
		AFA1FD422E2213C70064A381 = {
			isa = PBXGroup;
			children = (
				AFA1FD4D2E2213C70064A381 /* NewsLetter */,
				023E73902E39076700E63B83 /* Frameworks */,
				AFA1FD4C2E2213C70064A381 /* Products */,
			);
			sourceTree = "<group>";
		};
		AFA1FD4C2E2213C70064A381 /* Products */ = {
			isa = PBXGroup;
			children = (
				AFA1FD4B2E2213C70064A381 /* NewsLetter.app */,
			);
			name = Products;
			sourceTree = "<group>";
		};
/* End PBXGroup section */

/* Begin PBXNativeTarget section */
		AFA1FD4A2E2213C70064A381 /* NewsLetter */ = {
			isa = PBXNativeTarget;
			buildConfigurationList = AFA1FD562E2213C80064A381 /* Build configuration list for PBXNativeTarget "NewsLetter" */;
			buildPhases = (
				AFA1FD472E2213C70064A381 /* Sources */,
				AFA1FD482E2213C70064A381 /* Frameworks */,
				AFA1FD492E2213C70064A381 /* Resources */,
			);
			buildRules = (
			);
			dependencies = (
			);
			fileSystemSynchronizedGroups = (
				AFA1FD4D2E2213C70064A381 /* NewsLetter */,
			);
			name = NewsLetter;
			packageProductDependencies = (
				0263F6D02E221A3C004837BB /* ComposableArchitecture */,
				AFD2BCAA2E233EF600E8319C /* CombineMoya */,
				AFD2BCAC2E233EF600E8319C /* Moya */,
				023E73882E39066D00E63B83 /* FirebaseAnalytics */,
				023E73912E39076700E63B83 /* FirebaseRemoteConfig */,
				021B01F72E44D6FD003AD0C1 /* FirebaseMessaging */,
				02D608A62E4A44A800D39CD4 /* FirebaseAI */,
				02D608A82E4A44A800D39CD4 /* FirebaseAnalyticsCore */,
				02D608AA2E4A44A800D39CD4 /* FirebaseAnalyticsIdentitySupport */,
				02D608AC2E4A44A800D39CD4 /* FirebaseAppCheck */,
				0220801C2E94DD83007F948F /* KakaoSDK */,
				0220801E2E94DD83007F948F /* KakaoSDKCommon */,
			);
			productName = NewsLetter;
			productReference = AFA1FD4B2E2213C70064A381 /* NewsLetter.app */;
			productType = "com.apple.product-type.application";
		};
/* End PBXNativeTarget section */

/* Begin PBXProject section */
		AFA1FD432E2213C70064A381 /* Project object */ = {
			isa = PBXProject;
			attributes = {
				BuildIndependentTargetsInParallel = 1;
				LastSwiftUpdateCheck = 1630;
				LastUpgradeCheck = 1630;
				TargetAttributes = {
					AFA1FD4A2E2213C70064A381 = {
						CreatedOnToolsVersion = 16.3;
					};
				};
			};
			buildConfigurationList = AFA1FD462E2213C70064A381 /* Build configuration list for PBXProject "NewsLetter" */;
			developmentRegion = en;
			hasScannedForEncodings = 0;
			knownRegions = (
				en,
				Base,
			);
			mainGroup = AFA1FD422E2213C70064A381;
			minimizedProjectReferenceProxies = 1;
			packageReferences = (
				0263F6CF2E221A3C004837BB /* XCRemoteSwiftPackageReference "swift-composable-architecture" */,
				AFD2BCA92E233EF600E8319C /* XCRemoteSwiftPackageReference "Moya" */,
				023E73852E39066D00E63B83 /* XCRemoteSwiftPackageReference "firebase-ios-sdk" */,
				0220801B2E94DD83007F948F /* XCRemoteSwiftPackageReference "kakao-ios-sdk" */,
			);
			preferredProjectObjectVersion = 77;
			productRefGroup = AFA1FD4C2E2213C70064A381 /* Products */;
			projectDirPath = "";
			projectRoot = "";
			targets = (
				AFA1FD4A2E2213C70064A381 /* NewsLetter */,
			);
		};
/* End PBXProject section */

/* Begin PBXResourcesBuildPhase section */
		AFA1FD492E2213C70064A381 /* Resources */ = {
			isa = PBXResourcesBuildPhase;
			buildActionMask = 2147483647;
			files = (
			);
			runOnlyForDeploymentPostprocessing = 0;
		};
/* End PBXResourcesBuildPhase section */

/* Begin PBXSourcesBuildPhase section */
		AFA1FD472E2213C70064A381 /* Sources */ = {
			isa = PBXSourcesBuildPhase;
			buildActionMask = 2147483647;
			files = (
			);
			runOnlyForDeploymentPostprocessing = 0;
		};
/* End PBXSourcesBuildPhase section */

/* Begin XCBuildConfiguration section */
		AFA1FD542E2213C80064A381 /* Debug */ = {
			isa = XCBuildConfiguration;
			baseConfigurationReferenceAnchor = AFA1FD4D2E2213C70064A381 /* NewsLetter */;
			baseConfigurationReferenceRelativePath = Resource/secret.xcconfig;
			buildSettings = {
				ALWAYS_SEARCH_USER_PATHS = NO;
				ASSETCATALOG_COMPILER_GENERATE_SWIFT_ASSET_SYMBOL_EXTENSIONS = YES;
				CLANG_ANALYZER_NONNULL = YES;
				CLANG_ANALYZER_NUMBER_OBJECT_CONVERSION = YES_AGGRESSIVE;
				CLANG_CXX_LANGUAGE_STANDARD = "gnu++20";
				CLANG_ENABLE_MODULES = YES;
				CLANG_ENABLE_OBJC_ARC = YES;
				CLANG_ENABLE_OBJC_WEAK = YES;
				CLANG_WARN_BLOCK_CAPTURE_AUTORELEASING = YES;
				CLANG_WARN_BOOL_CONVERSION = YES;
				CLANG_WARN_COMMA = YES;
				CLANG_WARN_CONSTANT_CONVERSION = YES;
				CLANG_WARN_DEPRECATED_OBJC_IMPLEMENTATIONS = YES;
				CLANG_WARN_DIRECT_OBJC_ISA_USAGE = YES_ERROR;
				CLANG_WARN_DOCUMENTATION_COMMENTS = YES;
				CLANG_WARN_EMPTY_BODY = YES;
				CLANG_WARN_ENUM_CONVERSION = YES;
				CLANG_WARN_INFINITE_RECURSION = YES;
				CLANG_WARN_INT_CONVERSION = YES;
				CLANG_WARN_NON_LITERAL_NULL_CONVERSION = YES;
				CLANG_WARN_OBJC_IMPLICIT_RETAIN_SELF = YES;
				CLANG_WARN_OBJC_LITERAL_CONVERSION = YES;
				CLANG_WARN_OBJC_ROOT_CLASS = YES_ERROR;
				CLANG_WARN_QUOTED_INCLUDE_IN_FRAMEWORK_HEADER = YES;
				CLANG_WARN_RANGE_LOOP_ANALYSIS = YES;
				CLANG_WARN_STRICT_PROTOTYPES = YES;
				CLANG_WARN_SUSPICIOUS_MOVE = YES;
				CLANG_WARN_UNGUARDED_AVAILABILITY = YES_AGGRESSIVE;
				CLANG_WARN_UNREACHABLE_CODE = YES;
				CLANG_WARN__DUPLICATE_METHOD_MATCH = YES;
				COPY_PHASE_STRIP = NO;
				DEBUG_INFORMATION_FORMAT = dwarf;
				DEVELOPMENT_TEAM = SWPBG3YXG5;
				ENABLE_STRICT_OBJC_MSGSEND = YES;
				ENABLE_TESTABILITY = YES;
				ENABLE_USER_SCRIPT_SANDBOXING = YES;
				GCC_C_LANGUAGE_STANDARD = gnu17;
				GCC_DYNAMIC_NO_PIC = NO;
				GCC_NO_COMMON_BLOCKS = YES;
				GCC_OPTIMIZATION_LEVEL = 0;
				GCC_PREPROCESSOR_DEFINITIONS = (
					"DEBUG=1",
					"$(inherited)",
				);
				GCC_WARN_64_TO_32_BIT_CONVERSION = YES;
				GCC_WARN_ABOUT_RETURN_TYPE = YES_ERROR;
				GCC_WARN_UNDECLARED_SELECTOR = YES;
				GCC_WARN_UNINITIALIZED_AUTOS = YES_AGGRESSIVE;
				GCC_WARN_UNUSED_FUNCTION = YES;
				GCC_WARN_UNUSED_VARIABLE = YES;
				IPHONEOS_DEPLOYMENT_TARGET = 18.4;
				LOCALIZATION_PREFERS_STRING_CATALOGS = YES;
				MTL_ENABLE_DEBUG_INFO = INCLUDE_SOURCE;
				MTL_FAST_MATH = YES;
				ONLY_ACTIVE_ARCH = YES;
				SDKROOT = iphoneos;
				SWIFT_ACTIVE_COMPILATION_CONDITIONS = "DEBUG $(inherited)";
				SWIFT_OPTIMIZATION_LEVEL = "-Onone";
			};
			name = Debug;
		};
		AFA1FD552E2213C80064A381 /* Release */ = {
			isa = XCBuildConfiguration;
			baseConfigurationReferenceAnchor = AFA1FD4D2E2213C70064A381 /* NewsLetter */;
			baseConfigurationReferenceRelativePath = Resource/secret.xcconfig;
			buildSettings = {
				ALWAYS_SEARCH_USER_PATHS = NO;
				ASSETCATALOG_COMPILER_GENERATE_SWIFT_ASSET_SYMBOL_EXTENSIONS = YES;
				CLANG_ANALYZER_NONNULL = YES;
				CLANG_ANALYZER_NUMBER_OBJECT_CONVERSION = YES_AGGRESSIVE;
				CLANG_CXX_LANGUAGE_STANDARD = "gnu++20";
				CLANG_ENABLE_MODULES = YES;
				CLANG_ENABLE_OBJC_ARC = YES;
				CLANG_ENABLE_OBJC_WEAK = YES;
				CLANG_WARN_BLOCK_CAPTURE_AUTORELEASING = YES;
				CLANG_WARN_BOOL_CONVERSION = YES;
				CLANG_WARN_COMMA = YES;
				CLANG_WARN_CONSTANT_CONVERSION = YES;
				CLANG_WARN_DEPRECATED_OBJC_IMPLEMENTATIONS = YES;
				CLANG_WARN_DIRECT_OBJC_ISA_USAGE = YES_ERROR;
				CLANG_WARN_DOCUMENTATION_COMMENTS = YES;
				CLANG_WARN_EMPTY_BODY = YES;
				CLANG_WARN_ENUM_CONVERSION = YES;
				CLANG_WARN_INFINITE_RECURSION = YES;
				CLANG_WARN_INT_CONVERSION = YES;
				CLANG_WARN_NON_LITERAL_NULL_CONVERSION = YES;
				CLANG_WARN_OBJC_IMPLICIT_RETAIN_SELF = YES;
				CLANG_WARN_OBJC_LITERAL_CONVERSION = YES;
				CLANG_WARN_OBJC_ROOT_CLASS = YES_ERROR;
				CLANG_WARN_QUOTED_INCLUDE_IN_FRAMEWORK_HEADER = YES;
				CLANG_WARN_RANGE_LOOP_ANALYSIS = YES;
				CLANG_WARN_STRICT_PROTOTYPES = YES;
				CLANG_WARN_SUSPICIOUS_MOVE = YES;
				CLANG_WARN_UNGUARDED_AVAILABILITY = YES_AGGRESSIVE;
				CLANG_WARN_UNREACHABLE_CODE = YES;
				CLANG_WARN__DUPLICATE_METHOD_MATCH = YES;
				COPY_PHASE_STRIP = NO;
				DEBUG_INFORMATION_FORMAT = "dwarf-with-dsym";
				DEVELOPMENT_TEAM = SWPBG3YXG5;
				ENABLE_NS_ASSERTIONS = NO;
				ENABLE_STRICT_OBJC_MSGSEND = YES;
				ENABLE_USER_SCRIPT_SANDBOXING = YES;
				GCC_C_LANGUAGE_STANDARD = gnu17;
				GCC_NO_COMMON_BLOCKS = YES;
				GCC_WARN_64_TO_32_BIT_CONVERSION = YES;
				GCC_WARN_ABOUT_RETURN_TYPE = YES_ERROR;
				GCC_WARN_UNDECLARED_SELECTOR = YES;
				GCC_WARN_UNINITIALIZED_AUTOS = YES_AGGRESSIVE;
				GCC_WARN_UNUSED_FUNCTION = YES;
				GCC_WARN_UNUSED_VARIABLE = YES;
				IPHONEOS_DEPLOYMENT_TARGET = 18.4;
				LOCALIZATION_PREFERS_STRING_CATALOGS = YES;
				MTL_ENABLE_DEBUG_INFO = NO;
				MTL_FAST_MATH = YES;
				SDKROOT = iphoneos;
				SWIFT_COMPILATION_MODE = wholemodule;
				VALIDATE_PRODUCT = YES;
			};
			name = Release;
		};
		AFA1FD572E2213C80064A381 /* Debug */ = {
			isa = XCBuildConfiguration;
			buildSettings = {
				ASSETCATALOG_COMPILER_APPICON_NAME = AppIcon;
				ASSETCATALOG_COMPILER_GLOBAL_ACCENT_COLOR_NAME = AccentColor;
				CODE_SIGN_ENTITLEMENTS = NewsLetter/NewsLetter.entitlements;
				"CODE_SIGN_IDENTITY[sdk=iphoneos*]" = "iPhone Developer";
				CODE_SIGN_STYLE = Manual;
				CURRENT_PROJECT_VERSION = 1;
				DEVELOPMENT_TEAM = "";
				"DEVELOPMENT_TEAM[sdk=iphoneos*]" = SWPBG3YXG5;
				ENABLE_PREVIEWS = YES;
				GENERATE_INFOPLIST_FILE = YES;
				INFOPLIST_FILE = NewsLetter/Resource/Info.plist;
				INFOPLIST_KEY_CFBundleDisplayName = "쏙";
				INFOPLIST_KEY_LSApplicationCategoryType = "public.app-category.news";
				INFOPLIST_KEY_UIApplicationSceneManifest_Generation = YES;
				INFOPLIST_KEY_UIApplicationSupportsIndirectInputEvents = YES;
				INFOPLIST_KEY_UILaunchScreen_Generation = YES;
				INFOPLIST_KEY_UISupportedInterfaceOrientations = UIInterfaceOrientationPortrait;
				INFOPLIST_KEY_UISupportedInterfaceOrientations_iPad = "UIInterfaceOrientationLandscapeLeft UIInterfaceOrientationLandscapeRight UIInterfaceOrientationPortrait UIInterfaceOrientationPortraitUpsideDown";
				INFOPLIST_KEY_UIUserInterfaceStyle = Light;
				IPHONEOS_DEPLOYMENT_TARGET = 17.0;
				LD_RUNPATH_SEARCH_PATHS = (
					"$(inherited)",
					"@executable_path/Frameworks",
				);
				MARKETING_VERSION = 1.1.1;
				PRODUCT_BUNDLE_IDENTIFIER = com.nexters.newsletter;
				PRODUCT_NAME = "$(TARGET_NAME)";
				PROVISIONING_PROFILE_SPECIFIER = "";
				"PROVISIONING_PROFILE_SPECIFIER[sdk=iphoneos*]" = "match Development com.nexters.newsletter";
				SUPPORTED_PLATFORMS = "iphoneos iphonesimulator";
				SUPPORTS_MACCATALYST = NO;
				SUPPORTS_MAC_DESIGNED_FOR_IPHONE_IPAD = NO;
				SUPPORTS_XR_DESIGNED_FOR_IPHONE_IPAD = NO;
				SWIFT_EMIT_LOC_STRINGS = YES;
				SWIFT_VERSION = 5.0;
				TARGETED_DEVICE_FAMILY = 1;
			};
			name = Debug;
		};
		AFA1FD582E2213C80064A381 /* Release */ = {
			isa = XCBuildConfiguration;
			buildSettings = {
				ASSETCATALOG_COMPILER_APPICON_NAME = AppIcon;
				ASSETCATALOG_COMPILER_GLOBAL_ACCENT_COLOR_NAME = AccentColor;
				CODE_SIGN_ENTITLEMENTS = NewsLetter/NewsLetter.entitlements;
				"CODE_SIGN_IDENTITY[sdk=iphoneos*]" = "Apple Distribution";
				CODE_SIGN_STYLE = Manual;
				CURRENT_PROJECT_VERSION = 1;
				DEVELOPMENT_TEAM = "";
				"DEVELOPMENT_TEAM[sdk=iphoneos*]" = SWPBG3YXG5;
				ENABLE_PREVIEWS = YES;
				GENERATE_INFOPLIST_FILE = YES;
				INFOPLIST_FILE = NewsLetter/Resource/Info.plist;
				INFOPLIST_KEY_CFBundleDisplayName = "쏙";
				INFOPLIST_KEY_LSApplicationCategoryType = "public.app-category.news";
				INFOPLIST_KEY_UIApplicationSceneManifest_Generation = YES;
				INFOPLIST_KEY_UIApplicationSupportsIndirectInputEvents = YES;
				INFOPLIST_KEY_UILaunchScreen_Generation = YES;
				INFOPLIST_KEY_UISupportedInterfaceOrientations = UIInterfaceOrientationPortrait;
				INFOPLIST_KEY_UISupportedInterfaceOrientations_iPad = "UIInterfaceOrientationLandscapeLeft UIInterfaceOrientationLandscapeRight UIInterfaceOrientationPortrait UIInterfaceOrientationPortraitUpsideDown";
				INFOPLIST_KEY_UIUserInterfaceStyle = Light;
				IPHONEOS_DEPLOYMENT_TARGET = 17.0;
				LD_RUNPATH_SEARCH_PATHS = (
					"$(inherited)",
					"@executable_path/Frameworks",
				);
				MARKETING_VERSION = 1.1.1;
				PRODUCT_BUNDLE_IDENTIFIER = com.nexters.newsletter;
				PRODUCT_NAME = "$(TARGET_NAME)";
				PROVISIONING_PROFILE_SPECIFIER = "";
				"PROVISIONING_PROFILE_SPECIFIER[sdk=iphoneos*]" = "match AppStore com.nexters.newsletter";
				SUPPORTED_PLATFORMS = "iphoneos iphonesimulator";
				SUPPORTS_MACCATALYST = NO;
				SUPPORTS_MAC_DESIGNED_FOR_IPHONE_IPAD = NO;
				SUPPORTS_XR_DESIGNED_FOR_IPHONE_IPAD = NO;
				SWIFT_EMIT_LOC_STRINGS = YES;
				SWIFT_VERSION = 5.0;
				TARGETED_DEVICE_FAMILY = 1;
			};
			name = Release;
		};
/* End XCBuildConfiguration section */

/* Begin XCConfigurationList section */
		AFA1FD462E2213C70064A381 /* Build configuration list for PBXProject "NewsLetter" */ = {
			isa = XCConfigurationList;
			buildConfigurations = (
				AFA1FD542E2213C80064A381 /* Debug */,
				AFA1FD552E2213C80064A381 /* Release */,
			);
			defaultConfigurationIsVisible = 0;
			defaultConfigurationName = Release;
		};
		AFA1FD562E2213C80064A381 /* Build configuration list for PBXNativeTarget "NewsLetter" */ = {
			isa = XCConfigurationList;
			buildConfigurations = (
				AFA1FD572E2213C80064A381 /* Debug */,
				AFA1FD582E2213C80064A381 /* Release */,
			);
			defaultConfigurationIsVisible = 0;
			defaultConfigurationName = Release;
		};
/* End XCConfigurationList section */

/* Begin XCRemoteSwiftPackageReference section */
		0220801B2E94DD83007F948F /* XCRemoteSwiftPackageReference "kakao-ios-sdk" */ = {
			isa = XCRemoteSwiftPackageReference;
			repositoryURL = "https://github.com/kakao/kakao-ios-sdk";
			requirement = {
				kind = upToNextMajorVersion;
				minimumVersion = 2.25.0;
			};
		};
		023E73852E39066D00E63B83 /* XCRemoteSwiftPackageReference "firebase-ios-sdk" */ = {
			isa = XCRemoteSwiftPackageReference;
			repositoryURL = "https://github.com/firebase/firebase-ios-sdk.git";
			requirement = {
				kind = upToNextMajorVersion;
				minimumVersion = 12.0.0;
			};
		};
		0263F6CF2E221A3C004837BB /* XCRemoteSwiftPackageReference "swift-composable-architecture" */ = {
			isa = XCRemoteSwiftPackageReference;
			repositoryURL = "https://github.com/pointfreeco/swift-composable-architecture.git";
			requirement = {
				kind = upToNextMajorVersion;
				minimumVersion = 1.20.2;
			};
		};
		AFD2BCA92E233EF600E8319C /* XCRemoteSwiftPackageReference "Moya" */ = {
			isa = XCRemoteSwiftPackageReference;
			repositoryURL = "https://github.com/Moya/Moya";
			requirement = {
				kind = upToNextMajorVersion;
				minimumVersion = 15.0.3;
			};
		};
/* End XCRemoteSwiftPackageReference section */

/* Begin XCSwiftPackageProductDependency section */
		021B01F72E44D6FD003AD0C1 /* FirebaseMessaging */ = {
			isa = XCSwiftPackageProductDependency;
			package = 023E73852E39066D00E63B83 /* XCRemoteSwiftPackageReference "firebase-ios-sdk" */;
			productName = FirebaseMessaging;
		};
		0220801C2E94DD83007F948F /* KakaoSDK */ = {
			isa = XCSwiftPackageProductDependency;
			package = 0220801B2E94DD83007F948F /* XCRemoteSwiftPackageReference "kakao-ios-sdk" */;
			productName = KakaoSDK;
		};
		0220801E2E94DD83007F948F /* KakaoSDKCommon */ = {
			isa = XCSwiftPackageProductDependency;
			package = 0220801B2E94DD83007F948F /* XCRemoteSwiftPackageReference "kakao-ios-sdk" */;
			productName = KakaoSDKCommon;
		};
		023E73882E39066D00E63B83 /* FirebaseAnalytics */ = {
			isa = XCSwiftPackageProductDependency;
			package = 023E73852E39066D00E63B83 /* XCRemoteSwiftPackageReference "firebase-ios-sdk" */;
			productName = FirebaseAnalytics;
		};
		023E73912E39076700E63B83 /* FirebaseRemoteConfig */ = {
			isa = XCSwiftPackageProductDependency;
			package = 023E73852E39066D00E63B83 /* XCRemoteSwiftPackageReference "firebase-ios-sdk" */;
			productName = FirebaseRemoteConfig;
		};
		0263F6D02E221A3C004837BB /* ComposableArchitecture */ = {
			isa = XCSwiftPackageProductDependency;
			package = 0263F6CF2E221A3C004837BB /* XCRemoteSwiftPackageReference "swift-composable-architecture" */;
			productName = ComposableArchitecture;
		};
		02D608A62E4A44A800D39CD4 /* FirebaseAI */ = {
			isa = XCSwiftPackageProductDependency;
			package = 023E73852E39066D00E63B83 /* XCRemoteSwiftPackageReference "firebase-ios-sdk" */;
			productName = FirebaseAI;
		};
		02D608A82E4A44A800D39CD4 /* FirebaseAnalyticsCore */ = {
			isa = XCSwiftPackageProductDependency;
			package = 023E73852E39066D00E63B83 /* XCRemoteSwiftPackageReference "firebase-ios-sdk" */;
			productName = FirebaseAnalyticsCore;
		};
		02D608AA2E4A44A800D39CD4 /* FirebaseAnalyticsIdentitySupport */ = {
			isa = XCSwiftPackageProductDependency;
			package = 023E73852E39066D00E63B83 /* XCRemoteSwiftPackageReference "firebase-ios-sdk" */;
			productName = FirebaseAnalyticsIdentitySupport;
		};
		02D608AC2E4A44A800D39CD4 /* FirebaseAppCheck */ = {
			isa = XCSwiftPackageProductDependency;
			package = 023E73852E39066D00E63B83 /* XCRemoteSwiftPackageReference "firebase-ios-sdk" */;
			productName = FirebaseAppCheck;
		};
		AFD2BCAA2E233EF600E8319C /* CombineMoya */ = {
			isa = XCSwiftPackageProductDependency;
			package = AFD2BCA92E233EF600E8319C /* XCRemoteSwiftPackageReference "Moya" */;
			productName = CombineMoya;
		};
		AFD2BCAC2E233EF600E8319C /* Moya */ = {
			isa = XCSwiftPackageProductDependency;
			package = AFD2BCA92E233EF600E8319C /* XCRemoteSwiftPackageReference "Moya" */;
			productName = Moya;
		};
/* End XCSwiftPackageProductDependency section */
	};
	rootObject = AFA1FD432E2213C70064A381 /* Project object */;
}
